
Microsoft Visual Studio Solution File, Format Version 12.00
# Visual Studio 15
VisualStudioVersion = 15.0.27130.2020
MinimumVisualStudioVersion = 10.0.40219.1
Project("{2150E333-8FDC-42A3-9474-1A3956D46DE8}") = "ExampleApps", "ExampleApps", "{AC49F9AD-6797-47AC-B081-9A204352AE6B}"
EndProject
Project("{2150E333-8FDC-42A3-9474-1A3956D46DE8}") = "LunarLander", "LunarLander", "{96D7203E-DED9-488F-9DAA-E9CC277E8087}"
EndProject
Project("{2150E333-8FDC-42A3-9474-1A3956D46DE8}") = "Logistics", "Logistics", "{C626F7C8-A7C5-4DDD-BA77-D520CF6D2646}"
EndProject
Project("{2150E333-8FDC-42A3-9474-1A3956D46DE8}") = "Maze", "Maze", "{7993561B-46FF-4C61-822E-F68412C0505A}"
EndProject
Project("{2150E333-8FDC-42A3-9474-1A3956D46DE8}") = "Core", "Core", "{4D98D38F-F309-43BD-841B-86663CCA9106}"
EndProject
Project("{2150E333-8FDC-42A3-9474-1A3956D46DE8}") = "RLM", "RLM", "{4CDF5EC0-ED7F-44EA-9DC3-B31F7BF2FE83}"
EndProject
Project("{2150E333-8FDC-42A3-9474-1A3956D46DE8}") = "REST", "REST", "{BC778B0F-E31A-4266-89FA-C203421DBA81}"
EndProject
Project("{2150E333-8FDC-42A3-9474-1A3956D46DE8}") = "CSharp", "CSharp", "{58F58DCE-4D43-434B-821D-67B326F13924}"
EndProject
Project("{2150E333-8FDC-42A3-9474-1A3956D46DE8}") = "Python", "Python", "{C1FE4540-4AC4-4833-96AF-191211B5FEC0}"
EndProject
Project("{2150E333-8FDC-42A3-9474-1A3956D46DE8}") = "REST", "REST", "{1856F408-5ABC-481F-9D30-056D7642B117}"
EndProject
Project("{2150E333-8FDC-42A3-9474-1A3956D46DE8}") = "UtilityTools", "UtilityTools", "{C3D5291E-BAC3-491A-A823-AD279820AFB5}"
EndProject
Project("{2150E333-8FDC-42A3-9474-1A3956D46DE8}") = "XOR", "XOR", "{CF2EA71D-C2CB-4902-861E-0FA0B23D755F}"
EndProject
Project("{2150E333-8FDC-42A3-9474-1A3956D46DE8}") = "RetailPoC", "RetailPoC", "{916EF767-9E1F-46A3-B49B-812034164C1B}"
EndProject
Project("{2150E333-8FDC-42A3-9474-1A3956D46DE8}") = "CompetitorComparableApps", "CompetitorComparableApps", "{84A5D4E4-36A7-42A1-81EF-090F21FD72EC}"
EndProject
Project("{2150E333-8FDC-42A3-9474-1A3956D46DE8}") = "RetailPoC", "RetailPoC", "{B680FDFF-C30B-406E-84A3-12B043FD115C}"
EndProject
Project("{2150E333-8FDC-42A3-9474-1A3956D46DE8}") = "RyskampLearningVisualizer", "RyskampLearningVisualizer", "{B9034A62-4E4D-4CA9-A0FB-C92DDB745EA3}"
EndProject
Project("{2150E333-8FDC-42A3-9474-1A3956D46DE8}") = "ExampleVisualizers", "ExampleVisualizers", "{9FD95674-0CC3-447A-8FBC-E7E2BB3880F0}"
EndProject
Project("{2150E333-8FDC-42A3-9474-1A3956D46DE8}") = "Challenger", "Challenger", "{9E976D8F-D0DC-4343-AE0E-D0616B5BF1F9}"
EndProject
Project("{9A19103F-16F7-4668-BE54-9A1E7A4F7556}") = "RLM", "Core\RLM\RLM\RLM.csproj", "{01EEC6CE-A2CA-4637-8133-6288B6E246C3}"
EndProject
Project("{9A19103F-16F7-4668-BE54-9A1E7A4F7556}") = "RLM.Database", "Core\RLM\RLM.Database\RLM.Database.csproj", "{70CE8FE8-19D9-4472-89E1-2B61E7402B03}"
EndProject
Project("{9A19103F-16F7-4668-BE54-9A1E7A4F7556}") = "RLM.Memory", "Core\RLM\RLM.Memory\RLM.Memory.csproj", "{2E4B0AD0-DAC9-44EF-B3B3-A339B397D34E}"
EndProject
Project("{9A19103F-16F7-4668-BE54-9A1E7A4F7556}") = "RLM.Models", "Core\RLM\RLM.Models\RLM.Models.csproj", "{F603454E-2199-4366-9A2A-08EC30818A0C}"
EndProject
Project("{9A19103F-16F7-4668-BE54-9A1E7A4F7556}") = "LogisticsGameLib", "ExampleApps\CSharp\Logistics\LogisticsGameLib\LogisticsGameLib.csproj", "{62A0A8AC-99F6-4809-9CD7-8B930647CADE}"
EndProject
Project("{9A19103F-16F7-4668-BE54-9A1E7A4F7556}") = "LogisticsConsoleApp", "ExampleApps\CSharp\Logistics\LogisticsConsoleApp\LogisticsConsoleApp.csproj", "{0FB12A71-3354-44DE-BE0E-4D3FCEBA6AF0}"
EndProject
Project("{9A19103F-16F7-4668-BE54-9A1E7A4F7556}") = "LanderConsoleApp", "ExampleApps\CSharp\LunarLander\LanderConsoleApp\LanderConsoleApp.csproj", "{DA6C66FF-6A7B-4F53-85F4-90BBE6A523C1}"
EndProject
Project("{9A19103F-16F7-4668-BE54-9A1E7A4F7556}") = "LanderGameLib", "ExampleApps\CSharp\LunarLander\LanderGameLib\LanderGameLib.csproj", "{3DB5FEC4-4EF3-4C62-9812-29F818E8A55F}"
EndProject
Project("{9A19103F-16F7-4668-BE54-9A1E7A4F7556}") = "Tools", "ExampleApps\UtilityTools\Tools\Tools.csproj", "{928F7B86-F0CC-4F5C-B1B3-FCD154111E48}"
EndProject
Project("{9A19103F-16F7-4668-BE54-9A1E7A4F7556}") = "MazeConsoleApp", "ExampleApps\CSharp\Maze\MazeConsoleApp\MazeConsoleApp.csproj", "{7C75D2C8-7089-4CE3-9335-59038C0E410E}"
EndProject
Project("{9A19103F-16F7-4668-BE54-9A1E7A4F7556}") = "MazeGameLib", "ExampleApps\CSharp\Maze\MazeGameLib\MazeGameLib.csproj", "{E539BFF3-43F1-4957-8586-1F10168CA5D9}"
EndProject
Project("{888888A0-9F3D-457C-B088-3A5042F75D52}") = "LanderConsoleAppPython", "ExampleApps\Python\LanderConsoleAppPython\LanderConsoleAppPython.pyproj", "{C4305509-DF62-4A29-9396-2B299F743AEE}"
EndProject
Project("{888888A0-9F3D-457C-B088-3A5042F75D52}") = "LogisticsConsoleAppPython", "ExampleApps\Python\LogisticsConsoleAppPython\LogisticsConsoleAppPython.pyproj", "{328B2619-121E-4932-B92F-1FA5C6EC9E90}"
EndProject
Project("{888888A0-9F3D-457C-B088-3A5042F75D52}") = "MazeConsoleAppPython", "ExampleApps\Python\MazeConsoleAppPython\MazeConsoleAppPython.pyproj", "{DBF4EB40-C1E7-4E79-B8D5-95F34259A07A}"
EndProject
Project("{FAE04EC0-301F-11D3-BF4B-00C04F79EFBC}") = "RLM.WebAPI", "Core\REST\RLM.WebAPI\RLM.WebAPI.csproj", "{0EDB8BAF-919D-468C-9AE2-32CF6310C392}"
EndProject
Project("{FAE04EC0-301F-11D3-BF4B-00C04F79EFBC}") = "TotalRecallConsoleApp", "ExampleApps\UtilityTools\TotalRecallConsoleApp\TotalRecallConsoleApp.csproj", "{975DE603-3A3A-486D-A3FD-AE8AFEB2E3E8}"
EndProject
Project("{FAE04EC0-301F-11D3-BF4B-00C04F79EFBC}") = "RequirementsTool", "ExampleApps\UtilityTools\RequirementsTool\RequirementsTool.csproj", "{A6082C73-D431-4841-8815-B675E0CF7526}"
EndProject
Project("{FAE04EC0-301F-11D3-BF4B-00C04F79EFBC}") = "WPFMazeApp", "ExampleApps\CSharp\Maze\WPFMazeApp\WPFMazeApp.csproj", "{4DCE8890-5A0F-4C04-9D24-A7404844E17D}"
EndProject
Project("{9A19103F-16F7-4668-BE54-9A1E7A4F7556}") = "XORConsoleApp", "ExampleApps\CSharp\XOR\XORConsoleApp\XORConsoleApp.csproj", "{E3888EC5-8F8E-4B43-940E-DA395FB6CEC5}"
EndProject
Project("{FAE04EC0-301F-11D3-BF4B-00C04F79EFBC}") = "RetailPoC", "ExampleApps\CSharp\RetailPoC\RetailPoC\RetailPoC.csproj", "{BF8A941B-86D4-4FD4-9A11-2A51AAC4D9D5}"
EndProject
Project("{888888A0-9F3D-457C-B088-3A5042F75D52}") = "RetailPoC_Tensorflow", "ExampleApps\CompetitorComparableApps\RetailPoC\RetailPoC_Tensorflow\RetailPoC_Tensorflow.pyproj", "{BD6029EC-4DB0-4EDD-84DA-DC44D18FA12E}"
EndProject
Project("{FAE04EC0-301F-11D3-BF4B-00C04F79EFBC}") = "RLV.Core", "RyskampLearningVisualizer\RLV.Core\RLV.Core.csproj", "{05DC7651-B6C9-425E-92C9-529EE019CF97}"
EndProject
Project("{FAE04EC0-301F-11D3-BF4B-00C04F79EFBC}") = "WPFVisualizer", "RyskampLearningVisualizer\ExampleVisualizers\WPFVisualizer\WPFVisualizer.csproj", "{DEF23AA6-4AF7-43BE-9A39-B41FCF829F7E}"
EndProject
Project("{FAE04EC0-301F-11D3-BF4B-00C04F79EFBC}") = "RetailPoCSimple", "ExampleApps\CSharp\RetailPoC\RetailPoCSimple\RetailPoCSimple.csproj", "{854C2E7D-01C3-4BA3-9FCD-384B64B22D1F}"
EndProject
Project("{FAE04EC0-301F-11D3-BF4B-00C04F79EFBC}") = "Challenger", "ExampleApps\CSharp\Challenger\Challenger\Challenger.csproj", "{092FFE5D-8373-48A1-8546-734815C0DE91}"
EndProject
Project("{FAE04EC0-301F-11D3-BF4B-00C04F79EFBC}") = "ChallengerLib", "ExampleApps\CSharp\Challenger\ChallengerLib\ChallengerLib.csproj", "{5DB790EC-E0AD-473E-AB4A-22725CDD7EB9}"
EndProject
Project("{2150E333-8FDC-42A3-9474-1A3956D46DE8}") = "RetailPoC 2.0", "RetailPoC 2.0", "{94055AE5-322D-4D57-B6A2-9B800936BB55}"
EndProject
Project("{FAE04EC0-301F-11D3-BF4B-00C04F79EFBC}") = "RetailPoC20", "ExampleApps\CSharp\RetailPoC 2.0\RetailPoC20\RetailPoC20.csproj", "{C176C182-E402-4102-89E1-40C1B1A71014}"
EndProject
Project("{2150E333-8FDC-42A3-9474-1A3956D46DE8}") = "RetailPoC 2.0", "RetailPoC 2.0", "{0D08DAA8-474D-4DD1-8840-83A7F19EF15D}"
EndProject
Project("{888888A0-9F3D-457C-B088-3A5042F75D52}") = "RetailPoC20", "ExampleApps\CompetitorComparableApps\RetailPoC 2.0\RetailPoC20_Tensorflow\RetailPoC20.pyproj", "{4373FA1D-7060-4F22-9EBA-1D46D786CE84}"
EndProject
Project("{2150E333-8FDC-42A3-9474-1A3956D46DE8}") = "BasketballLineupOptimizer", "BasketballLineupOptimizer", "{CF36B7C3-9800-4B02-9FE6-8E177B8A2E67}"
EndProject
Project("{9A19103F-16F7-4668-BE54-9A1E7A4F7556}") = "RlmBasketballPrototype", "ExampleApps\CSharp\BasketballLineupOptimizer\RlmBasketballPrototype\RlmBasketballPrototype.csproj", "{18D01797-1694-4427-824D-5EF4101024B7}"
EndProject
Project("{2150E333-8FDC-42A3-9474-1A3956D46DE8}") = "BasketballLineupOptimizer", "BasketballLineupOptimizer", "{03B01892-1C63-47C2-812C-29C26DE7E7AD}"
EndProject
Project("{888888A0-9F3D-457C-B088-3A5042F75D52}") = "TFBasketballPrototype", "ExampleApps\CompetitorComparableApps\BasketballLineupOptimizer\TFBasketballPrototype\TFBasketballPrototype.pyproj", "{2DF95F00-BC14-42BE-9EC0-0EB95B241032}"
EndProject
Project("{FAE04EC0-301F-11D3-BF4B-00C04F79EFBC}") = "RLM.GPU", "Core\RLM\RLM.GPU\RLM.GPU.csproj", "{D3C259D4-7545-4B6E-9974-E89ABA724480}"
EndProject
Project("{9A19103F-16F7-4668-BE54-9A1E7A4F7556}") = "RLM.SQLServer", "Core\RLM\RLM.SQLServer\RLM.SQLServer.csproj", "{C1A0FB80-2368-43B5-9791-60A3451B59FA}"
EndProject
Project("{9A19103F-16F7-4668-BE54-9A1E7A4F7556}") = "RLM.PostgreSQL", "Core\RLM\RLM.PostgreSQL\RLM.PostgreSQL.csproj", "{8776A8CA-F032-41EB-A455-6950CE7581F4}"
EndProject
Global
	GlobalSection(SolutionConfigurationPlatforms) = preSolution
		Debug|Any CPU = Debug|Any CPU
		Release|Any CPU = Release|Any CPU
	EndGlobalSection
	GlobalSection(ProjectConfigurationPlatforms) = postSolution
		{01EEC6CE-A2CA-4637-8133-6288B6E246C3}.Debug|Any CPU.ActiveCfg = Debug|Any CPU
		{01EEC6CE-A2CA-4637-8133-6288B6E246C3}.Debug|Any CPU.Build.0 = Debug|Any CPU
		{01EEC6CE-A2CA-4637-8133-6288B6E246C3}.Release|Any CPU.ActiveCfg = Release|Any CPU
		{01EEC6CE-A2CA-4637-8133-6288B6E246C3}.Release|Any CPU.Build.0 = Release|Any CPU
		{70CE8FE8-19D9-4472-89E1-2B61E7402B03}.Debug|Any CPU.ActiveCfg = Debug|Any CPU
		{70CE8FE8-19D9-4472-89E1-2B61E7402B03}.Debug|Any CPU.Build.0 = Debug|Any CPU
		{70CE8FE8-19D9-4472-89E1-2B61E7402B03}.Release|Any CPU.ActiveCfg = Release|Any CPU
		{70CE8FE8-19D9-4472-89E1-2B61E7402B03}.Release|Any CPU.Build.0 = Release|Any CPU
		{2E4B0AD0-DAC9-44EF-B3B3-A339B397D34E}.Debug|Any CPU.ActiveCfg = Debug|Any CPU
		{2E4B0AD0-DAC9-44EF-B3B3-A339B397D34E}.Debug|Any CPU.Build.0 = Debug|Any CPU
		{2E4B0AD0-DAC9-44EF-B3B3-A339B397D34E}.Release|Any CPU.ActiveCfg = Release|Any CPU
		{2E4B0AD0-DAC9-44EF-B3B3-A339B397D34E}.Release|Any CPU.Build.0 = Release|Any CPU
		{F603454E-2199-4366-9A2A-08EC30818A0C}.Debug|Any CPU.ActiveCfg = Debug|Any CPU
		{F603454E-2199-4366-9A2A-08EC30818A0C}.Debug|Any CPU.Build.0 = Debug|Any CPU
		{F603454E-2199-4366-9A2A-08EC30818A0C}.Release|Any CPU.ActiveCfg = Release|Any CPU
		{F603454E-2199-4366-9A2A-08EC30818A0C}.Release|Any CPU.Build.0 = Release|Any CPU
		{62A0A8AC-99F6-4809-9CD7-8B930647CADE}.Debug|Any CPU.ActiveCfg = Debug|Any CPU
		{62A0A8AC-99F6-4809-9CD7-8B930647CADE}.Debug|Any CPU.Build.0 = Debug|Any CPU
		{62A0A8AC-99F6-4809-9CD7-8B930647CADE}.Release|Any CPU.ActiveCfg = Release|Any CPU
		{62A0A8AC-99F6-4809-9CD7-8B930647CADE}.Release|Any CPU.Build.0 = Release|Any CPU
		{0FB12A71-3354-44DE-BE0E-4D3FCEBA6AF0}.Debug|Any CPU.ActiveCfg = Debug|Any CPU
		{0FB12A71-3354-44DE-BE0E-4D3FCEBA6AF0}.Debug|Any CPU.Build.0 = Debug|Any CPU
		{0FB12A71-3354-44DE-BE0E-4D3FCEBA6AF0}.Release|Any CPU.ActiveCfg = Release|Any CPU
		{0FB12A71-3354-44DE-BE0E-4D3FCEBA6AF0}.Release|Any CPU.Build.0 = Release|Any CPU
		{DA6C66FF-6A7B-4F53-85F4-90BBE6A523C1}.Debug|Any CPU.ActiveCfg = Debug|Any CPU
		{DA6C66FF-6A7B-4F53-85F4-90BBE6A523C1}.Debug|Any CPU.Build.0 = Debug|Any CPU
		{DA6C66FF-6A7B-4F53-85F4-90BBE6A523C1}.Release|Any CPU.ActiveCfg = Release|Any CPU
		{DA6C66FF-6A7B-4F53-85F4-90BBE6A523C1}.Release|Any CPU.Build.0 = Release|Any CPU
		{3DB5FEC4-4EF3-4C62-9812-29F818E8A55F}.Debug|Any CPU.ActiveCfg = Debug|Any CPU
		{3DB5FEC4-4EF3-4C62-9812-29F818E8A55F}.Debug|Any CPU.Build.0 = Debug|Any CPU
		{3DB5FEC4-4EF3-4C62-9812-29F818E8A55F}.Release|Any CPU.ActiveCfg = Release|Any CPU
		{3DB5FEC4-4EF3-4C62-9812-29F818E8A55F}.Release|Any CPU.Build.0 = Release|Any CPU
		{928F7B86-F0CC-4F5C-B1B3-FCD154111E48}.Debug|Any CPU.ActiveCfg = Debug|Any CPU
		{928F7B86-F0CC-4F5C-B1B3-FCD154111E48}.Debug|Any CPU.Build.0 = Debug|Any CPU
		{928F7B86-F0CC-4F5C-B1B3-FCD154111E48}.Release|Any CPU.ActiveCfg = Release|Any CPU
		{928F7B86-F0CC-4F5C-B1B3-FCD154111E48}.Release|Any CPU.Build.0 = Release|Any CPU
		{7C75D2C8-7089-4CE3-9335-59038C0E410E}.Debug|Any CPU.ActiveCfg = Debug|Any CPU
		{7C75D2C8-7089-4CE3-9335-59038C0E410E}.Debug|Any CPU.Build.0 = Debug|Any CPU
		{7C75D2C8-7089-4CE3-9335-59038C0E410E}.Release|Any CPU.ActiveCfg = Release|Any CPU
		{7C75D2C8-7089-4CE3-9335-59038C0E410E}.Release|Any CPU.Build.0 = Release|Any CPU
		{E539BFF3-43F1-4957-8586-1F10168CA5D9}.Debug|Any CPU.ActiveCfg = Debug|Any CPU
		{E539BFF3-43F1-4957-8586-1F10168CA5D9}.Debug|Any CPU.Build.0 = Debug|Any CPU
		{E539BFF3-43F1-4957-8586-1F10168CA5D9}.Release|Any CPU.ActiveCfg = Release|Any CPU
		{E539BFF3-43F1-4957-8586-1F10168CA5D9}.Release|Any CPU.Build.0 = Release|Any CPU
		{C4305509-DF62-4A29-9396-2B299F743AEE}.Debug|Any CPU.ActiveCfg = Debug|Any CPU
		{C4305509-DF62-4A29-9396-2B299F743AEE}.Release|Any CPU.ActiveCfg = Release|Any CPU
		{328B2619-121E-4932-B92F-1FA5C6EC9E90}.Debug|Any CPU.ActiveCfg = Debug|Any CPU
		{328B2619-121E-4932-B92F-1FA5C6EC9E90}.Release|Any CPU.ActiveCfg = Release|Any CPU
		{DBF4EB40-C1E7-4E79-B8D5-95F34259A07A}.Debug|Any CPU.ActiveCfg = Debug|Any CPU
		{DBF4EB40-C1E7-4E79-B8D5-95F34259A07A}.Release|Any CPU.ActiveCfg = Release|Any CPU
		{0EDB8BAF-919D-468C-9AE2-32CF6310C392}.Debug|Any CPU.ActiveCfg = Debug|Any CPU
		{0EDB8BAF-919D-468C-9AE2-32CF6310C392}.Debug|Any CPU.Build.0 = Debug|Any CPU
		{0EDB8BAF-919D-468C-9AE2-32CF6310C392}.Release|Any CPU.ActiveCfg = Release|Any CPU
		{0EDB8BAF-919D-468C-9AE2-32CF6310C392}.Release|Any CPU.Build.0 = Release|Any CPU
		{975DE603-3A3A-486D-A3FD-AE8AFEB2E3E8}.Debug|Any CPU.ActiveCfg = Debug|Any CPU
		{975DE603-3A3A-486D-A3FD-AE8AFEB2E3E8}.Debug|Any CPU.Build.0 = Debug|Any CPU
		{975DE603-3A3A-486D-A3FD-AE8AFEB2E3E8}.Release|Any CPU.ActiveCfg = Release|Any CPU
		{975DE603-3A3A-486D-A3FD-AE8AFEB2E3E8}.Release|Any CPU.Build.0 = Release|Any CPU
		{A6082C73-D431-4841-8815-B675E0CF7526}.Debug|Any CPU.ActiveCfg = Debug|Any CPU
		{A6082C73-D431-4841-8815-B675E0CF7526}.Debug|Any CPU.Build.0 = Debug|Any CPU
		{A6082C73-D431-4841-8815-B675E0CF7526}.Release|Any CPU.ActiveCfg = Release|Any CPU
		{A6082C73-D431-4841-8815-B675E0CF7526}.Release|Any CPU.Build.0 = Release|Any CPU
		{4DCE8890-5A0F-4C04-9D24-A7404844E17D}.Debug|Any CPU.ActiveCfg = Debug|Any CPU
		{4DCE8890-5A0F-4C04-9D24-A7404844E17D}.Debug|Any CPU.Build.0 = Debug|Any CPU
		{4DCE8890-5A0F-4C04-9D24-A7404844E17D}.Release|Any CPU.ActiveCfg = Release|Any CPU
		{4DCE8890-5A0F-4C04-9D24-A7404844E17D}.Release|Any CPU.Build.0 = Release|Any CPU
		{E3888EC5-8F8E-4B43-940E-DA395FB6CEC5}.Debug|Any CPU.ActiveCfg = Debug|Any CPU
		{E3888EC5-8F8E-4B43-940E-DA395FB6CEC5}.Debug|Any CPU.Build.0 = Debug|Any CPU
		{E3888EC5-8F8E-4B43-940E-DA395FB6CEC5}.Release|Any CPU.ActiveCfg = Release|Any CPU
		{E3888EC5-8F8E-4B43-940E-DA395FB6CEC5}.Release|Any CPU.Build.0 = Release|Any CPU
		{BF8A941B-86D4-4FD4-9A11-2A51AAC4D9D5}.Debug|Any CPU.ActiveCfg = Debug|Any CPU
		{BF8A941B-86D4-4FD4-9A11-2A51AAC4D9D5}.Debug|Any CPU.Build.0 = Debug|Any CPU
		{BF8A941B-86D4-4FD4-9A11-2A51AAC4D9D5}.Release|Any CPU.ActiveCfg = Release|Any CPU
		{BF8A941B-86D4-4FD4-9A11-2A51AAC4D9D5}.Release|Any CPU.Build.0 = Release|Any CPU
		{BD6029EC-4DB0-4EDD-84DA-DC44D18FA12E}.Debug|Any CPU.ActiveCfg = Debug|Any CPU
		{BD6029EC-4DB0-4EDD-84DA-DC44D18FA12E}.Release|Any CPU.ActiveCfg = Release|Any CPU
		{05DC7651-B6C9-425E-92C9-529EE019CF97}.Debug|Any CPU.ActiveCfg = Debug|Any CPU
		{05DC7651-B6C9-425E-92C9-529EE019CF97}.Debug|Any CPU.Build.0 = Debug|Any CPU
		{05DC7651-B6C9-425E-92C9-529EE019CF97}.Release|Any CPU.ActiveCfg = Release|Any CPU
		{05DC7651-B6C9-425E-92C9-529EE019CF97}.Release|Any CPU.Build.0 = Release|Any CPU
		{DEF23AA6-4AF7-43BE-9A39-B41FCF829F7E}.Debug|Any CPU.ActiveCfg = Debug|Any CPU
		{DEF23AA6-4AF7-43BE-9A39-B41FCF829F7E}.Debug|Any CPU.Build.0 = Debug|Any CPU
		{DEF23AA6-4AF7-43BE-9A39-B41FCF829F7E}.Release|Any CPU.ActiveCfg = Release|Any CPU
		{DEF23AA6-4AF7-43BE-9A39-B41FCF829F7E}.Release|Any CPU.Build.0 = Release|Any CPU
		{854C2E7D-01C3-4BA3-9FCD-384B64B22D1F}.Debug|Any CPU.ActiveCfg = Debug|Any CPU
		{854C2E7D-01C3-4BA3-9FCD-384B64B22D1F}.Debug|Any CPU.Build.0 = Debug|Any CPU
		{854C2E7D-01C3-4BA3-9FCD-384B64B22D1F}.Release|Any CPU.ActiveCfg = Release|Any CPU
		{854C2E7D-01C3-4BA3-9FCD-384B64B22D1F}.Release|Any CPU.Build.0 = Release|Any CPU
		{092FFE5D-8373-48A1-8546-734815C0DE91}.Debug|Any CPU.ActiveCfg = Debug|Any CPU
		{092FFE5D-8373-48A1-8546-734815C0DE91}.Debug|Any CPU.Build.0 = Debug|Any CPU
		{092FFE5D-8373-48A1-8546-734815C0DE91}.Release|Any CPU.ActiveCfg = Release|Any CPU
		{092FFE5D-8373-48A1-8546-734815C0DE91}.Release|Any CPU.Build.0 = Release|Any CPU
		{5DB790EC-E0AD-473E-AB4A-22725CDD7EB9}.Debug|Any CPU.ActiveCfg = Debug|Any CPU
		{5DB790EC-E0AD-473E-AB4A-22725CDD7EB9}.Debug|Any CPU.Build.0 = Debug|Any CPU
		{5DB790EC-E0AD-473E-AB4A-22725CDD7EB9}.Release|Any CPU.ActiveCfg = Release|Any CPU
		{5DB790EC-E0AD-473E-AB4A-22725CDD7EB9}.Release|Any CPU.Build.0 = Release|Any CPU
		{C176C182-E402-4102-89E1-40C1B1A71014}.Debug|Any CPU.ActiveCfg = Debug|Any CPU
		{C176C182-E402-4102-89E1-40C1B1A71014}.Debug|Any CPU.Build.0 = Debug|Any CPU
		{C176C182-E402-4102-89E1-40C1B1A71014}.Release|Any CPU.ActiveCfg = Release|Any CPU
		{C176C182-E402-4102-89E1-40C1B1A71014}.Release|Any CPU.Build.0 = Release|Any CPU
		{4373FA1D-7060-4F22-9EBA-1D46D786CE84}.Debug|Any CPU.ActiveCfg = Debug|Any CPU
		{4373FA1D-7060-4F22-9EBA-1D46D786CE84}.Release|Any CPU.ActiveCfg = Release|Any CPU
		{18D01797-1694-4427-824D-5EF4101024B7}.Debug|Any CPU.ActiveCfg = Debug|Any CPU
		{18D01797-1694-4427-824D-5EF4101024B7}.Debug|Any CPU.Build.0 = Debug|Any CPU
		{18D01797-1694-4427-824D-5EF4101024B7}.Release|Any CPU.ActiveCfg = Release|Any CPU
		{18D01797-1694-4427-824D-5EF4101024B7}.Release|Any CPU.Build.0 = Release|Any CPU
		{2DF95F00-BC14-42BE-9EC0-0EB95B241032}.Debug|Any CPU.ActiveCfg = Debug|Any CPU
		{2DF95F00-BC14-42BE-9EC0-0EB95B241032}.Release|Any CPU.ActiveCfg = Release|Any CPU
		{D3C259D4-7545-4B6E-9974-E89ABA724480}.Debug|Any CPU.ActiveCfg = Debug|Any CPU
		{D3C259D4-7545-4B6E-9974-E89ABA724480}.Debug|Any CPU.Build.0 = Debug|Any CPU
		{D3C259D4-7545-4B6E-9974-E89ABA724480}.Release|Any CPU.ActiveCfg = Release|Any CPU
		{D3C259D4-7545-4B6E-9974-E89ABA724480}.Release|Any CPU.Build.0 = Release|Any CPU
		{C1A0FB80-2368-43B5-9791-60A3451B59FA}.Debug|Any CPU.ActiveCfg = Debug|Any CPU
		{C1A0FB80-2368-43B5-9791-60A3451B59FA}.Debug|Any CPU.Build.0 = Debug|Any CPU
		{C1A0FB80-2368-43B5-9791-60A3451B59FA}.Release|Any CPU.ActiveCfg = Release|Any CPU
		{C1A0FB80-2368-43B5-9791-60A3451B59FA}.Release|Any CPU.Build.0 = Release|Any CPU
		{8776A8CA-F032-41EB-A455-6950CE7581F4}.Debug|Any CPU.ActiveCfg = Debug|Any CPU
		{8776A8CA-F032-41EB-A455-6950CE7581F4}.Debug|Any CPU.Build.0 = Debug|Any CPU
		{8776A8CA-F032-41EB-A455-6950CE7581F4}.Release|Any CPU.ActiveCfg = Release|Any CPU
		{8776A8CA-F032-41EB-A455-6950CE7581F4}.Release|Any CPU.Build.0 = Release|Any CPU
	EndGlobalSection
	GlobalSection(SolutionProperties) = preSolution
		HideSolutionNode = FALSE
	EndGlobalSection
	GlobalSection(NestedProjects) = preSolution
		{96D7203E-DED9-488F-9DAA-E9CC277E8087} = {58F58DCE-4D43-434B-821D-67B326F13924}
		{C626F7C8-A7C5-4DDD-BA77-D520CF6D2646} = {58F58DCE-4D43-434B-821D-67B326F13924}
		{7993561B-46FF-4C61-822E-F68412C0505A} = {58F58DCE-4D43-434B-821D-67B326F13924}
		{4CDF5EC0-ED7F-44EA-9DC3-B31F7BF2FE83} = {4D98D38F-F309-43BD-841B-86663CCA9106}
		{BC778B0F-E31A-4266-89FA-C203421DBA81} = {4D98D38F-F309-43BD-841B-86663CCA9106}
		{58F58DCE-4D43-434B-821D-67B326F13924} = {AC49F9AD-6797-47AC-B081-9A204352AE6B}
		{C1FE4540-4AC4-4833-96AF-191211B5FEC0} = {AC49F9AD-6797-47AC-B081-9A204352AE6B}
		{1856F408-5ABC-481F-9D30-056D7642B117} = {AC49F9AD-6797-47AC-B081-9A204352AE6B}
		{C3D5291E-BAC3-491A-A823-AD279820AFB5} = {AC49F9AD-6797-47AC-B081-9A204352AE6B}
		{CF2EA71D-C2CB-4902-861E-0FA0B23D755F} = {58F58DCE-4D43-434B-821D-67B326F13924}
		{916EF767-9E1F-46A3-B49B-812034164C1B} = {58F58DCE-4D43-434B-821D-67B326F13924}
		{84A5D4E4-36A7-42A1-81EF-090F21FD72EC} = {AC49F9AD-6797-47AC-B081-9A204352AE6B}
		{B680FDFF-C30B-406E-84A3-12B043FD115C} = {84A5D4E4-36A7-42A1-81EF-090F21FD72EC}
		{9FD95674-0CC3-447A-8FBC-E7E2BB3880F0} = {B9034A62-4E4D-4CA9-A0FB-C92DDB745EA3}
		{9E976D8F-D0DC-4343-AE0E-D0616B5BF1F9} = {58F58DCE-4D43-434B-821D-67B326F13924}
		{01EEC6CE-A2CA-4637-8133-6288B6E246C3} = {4CDF5EC0-ED7F-44EA-9DC3-B31F7BF2FE83}
		{70CE8FE8-19D9-4472-89E1-2B61E7402B03} = {4CDF5EC0-ED7F-44EA-9DC3-B31F7BF2FE83}
		{2E4B0AD0-DAC9-44EF-B3B3-A339B397D34E} = {4CDF5EC0-ED7F-44EA-9DC3-B31F7BF2FE83}
		{F603454E-2199-4366-9A2A-08EC30818A0C} = {4CDF5EC0-ED7F-44EA-9DC3-B31F7BF2FE83}
		{62A0A8AC-99F6-4809-9CD7-8B930647CADE} = {C626F7C8-A7C5-4DDD-BA77-D520CF6D2646}
		{0FB12A71-3354-44DE-BE0E-4D3FCEBA6AF0} = {C626F7C8-A7C5-4DDD-BA77-D520CF6D2646}
		{DA6C66FF-6A7B-4F53-85F4-90BBE6A523C1} = {96D7203E-DED9-488F-9DAA-E9CC277E8087}
		{3DB5FEC4-4EF3-4C62-9812-29F818E8A55F} = {96D7203E-DED9-488F-9DAA-E9CC277E8087}
		{928F7B86-F0CC-4F5C-B1B3-FCD154111E48} = {C3D5291E-BAC3-491A-A823-AD279820AFB5}
		{7C75D2C8-7089-4CE3-9335-59038C0E410E} = {7993561B-46FF-4C61-822E-F68412C0505A}
		{E539BFF3-43F1-4957-8586-1F10168CA5D9} = {7993561B-46FF-4C61-822E-F68412C0505A}
		{C4305509-DF62-4A29-9396-2B299F743AEE} = {C1FE4540-4AC4-4833-96AF-191211B5FEC0}
		{328B2619-121E-4932-B92F-1FA5C6EC9E90} = {C1FE4540-4AC4-4833-96AF-191211B5FEC0}
		{DBF4EB40-C1E7-4E79-B8D5-95F34259A07A} = {C1FE4540-4AC4-4833-96AF-191211B5FEC0}
		{0EDB8BAF-919D-468C-9AE2-32CF6310C392} = {BC778B0F-E31A-4266-89FA-C203421DBA81}
		{975DE603-3A3A-486D-A3FD-AE8AFEB2E3E8} = {C3D5291E-BAC3-491A-A823-AD279820AFB5}
		{A6082C73-D431-4841-8815-B675E0CF7526} = {C3D5291E-BAC3-491A-A823-AD279820AFB5}
		{4DCE8890-5A0F-4C04-9D24-A7404844E17D} = {7993561B-46FF-4C61-822E-F68412C0505A}
		{E3888EC5-8F8E-4B43-940E-DA395FB6CEC5} = {CF2EA71D-C2CB-4902-861E-0FA0B23D755F}
		{BF8A941B-86D4-4FD4-9A11-2A51AAC4D9D5} = {916EF767-9E1F-46A3-B49B-812034164C1B}
		{BD6029EC-4DB0-4EDD-84DA-DC44D18FA12E} = {B680FDFF-C30B-406E-84A3-12B043FD115C}
		{05DC7651-B6C9-425E-92C9-529EE019CF97} = {B9034A62-4E4D-4CA9-A0FB-C92DDB745EA3}
		{DEF23AA6-4AF7-43BE-9A39-B41FCF829F7E} = {9FD95674-0CC3-447A-8FBC-E7E2BB3880F0}
		{854C2E7D-01C3-4BA3-9FCD-384B64B22D1F} = {916EF767-9E1F-46A3-B49B-812034164C1B}
		{092FFE5D-8373-48A1-8546-734815C0DE91} = {9E976D8F-D0DC-4343-AE0E-D0616B5BF1F9}
		{5DB790EC-E0AD-473E-AB4A-22725CDD7EB9} = {9E976D8F-D0DC-4343-AE0E-D0616B5BF1F9}
		{94055AE5-322D-4D57-B6A2-9B800936BB55} = {58F58DCE-4D43-434B-821D-67B326F13924}
		{C176C182-E402-4102-89E1-40C1B1A71014} = {94055AE5-322D-4D57-B6A2-9B800936BB55}
		{0D08DAA8-474D-4DD1-8840-83A7F19EF15D} = {84A5D4E4-36A7-42A1-81EF-090F21FD72EC}
		{4373FA1D-7060-4F22-9EBA-1D46D786CE84} = {0D08DAA8-474D-4DD1-8840-83A7F19EF15D}
		{CF36B7C3-9800-4B02-9FE6-8E177B8A2E67} = {58F58DCE-4D43-434B-821D-67B326F13924}
		{18D01797-1694-4427-824D-5EF4101024B7} = {CF36B7C3-9800-4B02-9FE6-8E177B8A2E67}
		{03B01892-1C63-47C2-812C-29C26DE7E7AD} = {84A5D4E4-36A7-42A1-81EF-090F21FD72EC}
		{2DF95F00-BC14-42BE-9EC0-0EB95B241032} = {03B01892-1C63-47C2-812C-29C26DE7E7AD}
		{D3C259D4-7545-4B6E-9974-E89ABA724480} = {4CDF5EC0-ED7F-44EA-9DC3-B31F7BF2FE83}
		{C1A0FB80-2368-43B5-9791-60A3451B59FA} = {4CDF5EC0-ED7F-44EA-9DC3-B31F7BF2FE83}
		{8776A8CA-F032-41EB-A455-6950CE7581F4} = {4CDF5EC0-ED7F-44EA-9DC3-B31F7BF2FE83}
	EndGlobalSection
	GlobalSection(ExtensibilityGlobals) = postSolution
		SolutionGuid = {2551AB39-DAB9-44B5-BB16-E3DB44F6AB98}
	EndGlobalSection
EndGlobal
